// !$*UTF8*$!
{
	archiveVersion = 1;
	classes = {
	};
	objectVersion = 60;
	objects = {

/* Begin PBXBuildFile section */
		42F425FD13799CF49E9DE06B /* OnboardingViewController.swift in Sources */ = {isa = PBXBuildFile; fileRef = D3458C0E1235C4775E6F0F5C /* OnboardingViewController.swift */; };
		A1000001001 /* AppDelegate.swift in Sources */ = {isa = PBXBuildFile; fileRef = A1000001000 /* AppDelegate.swift */; };
		A1000002001 /* SceneDelegate.swift in Sources */ = {isa = PBXBuildFile; fileRef = A1000002000 /* SceneDelegate.swift */; };
		A1000003001 /* MainViewController.swift in Sources */ = {isa = PBXBuildFile; fileRef = A1000003000 /* MainViewController.swift */; };
		A1000004001 /* InboxViewController.swift in Sources */ = {isa = PBXBuildFile; fileRef = A1000004000 /* InboxViewController.swift */; };
		A1000005001 /* InboxDetailViewController.swift in Sources */ = {isa = PBXBuildFile; fileRef = A1000005000 /* InboxDetailViewController.swift */; };
		A1000006001 /* SettingsViewController.swift in Sources */ = {isa = PBXBuildFile; fileRef = A1000006000 /* SettingsViewController.swift */; };
		A1000007001 /* Assets.xcassets in Resources */ = {isa = PBXBuildFile; fileRef = A1000007000 /* Assets.xcassets */; };
		A1000008001 /* LaunchScreen.storyboard in Resources */ = {isa = PBXBuildFile; fileRef = A1000008000 /* LaunchScreen.storyboard */; };
		A100001C001 /* InAppMessagesViewController.swift in Sources */ = {isa = PBXBuildFile; fileRef = A100001C000 /* InAppMessagesViewController.swift */; };
		A100001D001 /* ABTestingViewController.swift in Sources */ = {isa = PBXBuildFile; fileRef = A100001D000 /* ABTestingViewController.swift */; };
		A8AEFAF92F96E69700ED45EB /* RiviumPush in Frameworks */ = {isa = PBXBuildFile; productRef = A8AEFAF82F96E69700ED45EB /* RiviumPush */; };
		A8EF57A92F9985F2004A973C /* VoIPViewController.swift in Sources */ = {isa = PBXBuildFile; fileRef = A8EF57A82F9985F2004A973C /* VoIPViewController.swift */; };
		A8EF57AC2F9995D9004A973C /* RiviumPushVoip in Frameworks */ = {isa = PBXBuildFile; productRef = A8EF57AB2F9995D9004A973C /* RiviumPushVoip */; };
/* End PBXBuildFile section */

/* Begin PBXFileReference section */
		A1000001000 /* AppDelegate.swift */ = {isa = PBXFileReference; lastKnownFileType = sourcecode.swift; path = AppDelegate.swift; sourceTree = "<group>"; };
		A1000002000 /* SceneDelegate.swift */ = {isa = PBXFileReference; lastKnownFileType = sourcecode.swift; path = SceneDelegate.swift; sourceTree = "<group>"; };
		A1000003000 /* MainViewController.swift */ = {isa = PBXFileReference; lastKnownFileType = sourcecode.swift; path = MainViewController.swift; sourceTree = "<group>"; };
		A1000004000 /* InboxViewController.swift */ = {isa = PBXFileReference; lastKnownFileType = sourcecode.swift; path = InboxViewController.swift; sourceTree = "<group>"; };
		A1000005000 /* InboxDetailViewController.swift */ = {isa = PBXFileReference; lastKnownFileType = sourcecode.swift; path = InboxDetailViewController.swift; sourceTree = "<group>"; };
		A1000006000 /* SettingsViewController.swift */ = {isa = PBXFileReference; lastKnownFileType = sourcecode.swift; path = SettingsViewController.swift; sourceTree = "<group>"; };
		A1000007000 /* Assets.xcassets */ = {isa = PBXFileReference; lastKnownFileType = folder.assetcatalog; path = Assets.xcassets; sourceTree = "<group>"; };
		A1000008002 /* Base */ = {isa = PBXFileReference; lastKnownFileType = file.storyboard; name = Base; path = Base.lproj/LaunchScreen.storyboard; sourceTree = "<group>"; };
		A100000A000 /* Info.plist */ = {isa = PBXFileReference; lastKnownFileType = text.plist.xml; path = Info.plist; sourceTree = "<group>"; };
		A100000B000 /* RiviumPushExample.entitlements */ = {isa = PBXFileReference; lastKnownFileType = text.plist.entitlements; path = RiviumPushExample.entitlements; sourceTree = "<group>"; };
		A100000C000 /* RiviumPushExample.app */ = {isa = PBXFileReference; explicitFileType = wrapper.application; includeInIndex = 0; path = RiviumPushExample.app; sourceTree = BUILT_PRODUCTS_DIR; };
		A100001C000 /* InAppMessagesViewController.swift */ = {isa = PBXFileReference; lastKnownFileType = sourcecode.swift; path = InAppMessagesViewController.swift; sourceTree = "<group>"; };
		A100001D000 /* ABTestingViewController.swift */ = {isa = PBXFileReference; lastKnownFileType = sourcecode.swift; path = ABTestingViewController.swift; sourceTree = "<group>"; };
		A8EF57A82F9985F2004A973C /* VoIPViewController.swift */ = {isa = PBXFileReference; lastKnownFileType = sourcecode.swift; path = VoIPViewController.swift; sourceTree = "<group>"; };
		D3458C0E1235C4775E6F0F5C /* OnboardingViewController.swift */ = {isa = PBXFileReference; includeInIndex = 1; lastKnownFileType = sourcecode.swift; path = OnboardingViewController.swift; sourceTree = "<group>"; };
/* End PBXFileReference section */

/* Begin PBXFrameworksBuildPhase section */
		A100000D000 /* Frameworks */ = {
			isa = PBXFrameworksBuildPhase;
			buildActionMask = 2147483647;
			files = (
				A8EF57AC2F9995D9004A973C /* RiviumPushVoip in Frameworks */,
				A8AEFAF92F96E69700ED45EB /* RiviumPush in Frameworks */,
			);
			runOnlyForDeploymentPostprocessing = 0;
		};
/* End PBXFrameworksBuildPhase section */

/* Begin PBXGroup section */
		A100000E000 = {
			isa = PBXGroup;
			children = (
				A100000F000 /* RiviumPushExample */,
				A1000010000 /* Products */,
			);
			sourceTree = "<group>";
		};
		A100000F000 /* RiviumPushExample */ = {
			isa = PBXGroup;
			children = (
				A8EF57A82F9985F2004A973C /* VoIPViewController.swift */,
				A1000001000 /* AppDelegate.swift */,
				A1000002000 /* SceneDelegate.swift */,
				A1000003000 /* MainViewController.swift */,
				A100001C000 /* InAppMessagesViewController.swift */,
				A100001D000 /* ABTestingViewController.swift */,
				A1000004000 /* InboxViewController.swift */,
				A1000005000 /* InboxDetailViewController.swift */,
				A1000006000 /* SettingsViewController.swift */,
				A1000007000 /* Assets.xcassets */,
				A1000008000 /* LaunchScreen.storyboard */,
				A100000A000 /* Info.plist */,
				A100000B000 /* RiviumPushExample.entitlements */,
				D3458C0E1235C4775E6F0F5C /* OnboardingViewController.swift */,
			);
			path = RiviumPushExample;
			sourceTree = "<group>";
		};
		A1000010000 /* Products */ = {
			isa = PBXGroup;
			children = (
				A100000C000 /* RiviumPushExample.app */,
			);
			name = Products;
			sourceTree = "<group>";
		};
/* End PBXGroup section */

/* Begin PBXNativeTarget section */
		A1000011000 /* RiviumPushExample */ = {
			isa = PBXNativeTarget;
			buildConfigurationList = A1000012000 /* Build configuration list for PBXNativeTarget "RiviumPushExample" */;
			buildPhases = (
				A1000013000 /* Sources */,
				A100000D000 /* Frameworks */,
				A1000014000 /* Resources */,
			);
			buildRules = (
			);
			dependencies = (
			);
			name = RiviumPushExample;
			packageProductDependencies = (
				A8AEFAF82F96E69700ED45EB /* RiviumPush */,
				A8EF57AB2F9995D9004A973C /* RiviumPushVoip */,
			);
			productName = RiviumPushExample;
			productReference = A100000C000 /* RiviumPushExample.app */;
			productType = "com.apple.product-type.application";
		};
/* End PBXNativeTarget section */

/* Begin PBXProject section */
		A1000015000 /* Project object */ = {
			isa = PBXProject;
			attributes = {
				BuildIndependentTargetsInParallel = 1;
				LastSwiftUpdateCheck = 1500;
				LastUpgradeCheck = 1500;
				TargetAttributes = {
					A1000011000 = {
						CreatedOnToolsVersion = 15.0;
					};
				};
			};
			buildConfigurationList = A1000016000 /* Build configuration list for PBXProject "RiviumPushExample" */;
			compatibilityVersion = "Xcode 14.0";
			developmentRegion = en;
			hasScannedForEncodings = 0;
			knownRegions = (
				en,
				Base,
			);
			mainGroup = A100000E000;
			packageReferences = (
				A8AEFAF72F96E69700ED45EB /* XCLocalSwiftPackageReference "../../RiviumPush" */,
				A8EF57AA2F9995D9004A973C /* XCRemoteSwiftPackageReference "rivium-push-voip-ios-sdk" */,
			);
			productRefGroup = A1000010000 /* Products */;
			projectDirPath = "";
			projectRoot = "";
			targets = (
				A1000011000 /* RiviumPushExample */,
			);
		};
/* End PBXProject section */

/* Begin PBXResourcesBuildPhase section */
		A1000014000 /* Resources */ = {
			isa = PBXResourcesBuildPhase;
			buildActionMask = 2147483647;
			files = (
				A1000007001 /* Assets.xcassets in Resources */,
				A1000008001 /* LaunchScreen.storyboard in Resources */,
			);
			runOnlyForDeploymentPostprocessing = 0;
		};
/* End PBXResourcesBuildPhase section */

/* Begin PBXSourcesBuildPhase section */
		A1000013000 /* Sources */ = {
			isa = PBXSourcesBuildPhase;
			buildActionMask = 2147483647;
			files = (
				A1000001001 /* AppDelegate.swift in Sources */,
				A1000002001 /* SceneDelegate.swift in Sources */,
				A1000003001 /* MainViewController.swift in Sources */,
				A100001C001 /* InAppMessagesViewController.swift in Sources */,
				A8EF57A92F9985F2004A973C /* VoIPViewController.swift in Sources */,
				A100001D001 /* ABTestingViewController.swift in Sources */,
				A1000004001 /* InboxViewController.swift in Sources */,
				A1000005001 /* InboxDetailViewController.swift in Sources */,
				A1000006001 /* SettingsViewController.swift in Sources */,
				42F425FD13799CF49E9DE06B /* OnboardingViewController.swift in Sources */,
			);
			runOnlyForDeploymentPostprocessing = 0;
		};
/* End PBXSourcesBuildPhase section */

/* Begin PBXVariantGroup section */
		A1000008000 /* LaunchScreen.storyboard */ = {
			isa = PBXVariantGroup;
			children = (
				A1000008002 /* Base */,
			);
			name = LaunchScreen.storyboard;
			sourceTree = "<group>";
		};
/* End PBXVariantGroup section */

/* Begin XCBuildConfiguration section */
		A1000018000 /* Debug */ = {
			isa = XCBuildConfiguration;
			buildSettings = {
				ALWAYS_SEARCH_USER_PATHS = NO;
				ASSETCATALOG_COMPILER_GENERATE_SWIFT_ASSET_SYMBOL_EXTENSIONS = YES;
				CLANG_ANALYZER_NONNULL = YES;
				CLANG_ANALYZER_NUMBER_OBJECT_CONVERSION = YES_AGGRESSIVE;
				CLANG_CXX_LANGUAGE_STANDARD = "gnu++20";
				CLANG_ENABLE_MODULES = YES;
				CLANG_ENABLE_OBJC_ARC = YES;
				CLANG_ENABLE_OBJC_WEAK = YES;
				CLANG_WARN_BLOCK_CAPTURE_AUTORELEASING = YES;
				CLANG_WARN_BOOL_CONVERSION = YES;
				CLANG_WARN_COMMA = YES;
				CLANG_WARN_CONSTANT_CONVERSION = YES;
				CLANG_WARN_DEPRECATED_OBJC_IMPLEMENTATIONS = YES;
				CLANG_WARN_DIRECT_OBJC_ISA_USAGE = YES_ERROR;
				CLANG_WARN_DOCUMENTATION_COMMENTS = YES;
				CLANG_WARN_EMPTY_BODY = YES;
				CLANG_WARN_ENUM_CONVERSION = YES;
				CLANG_WARN_INFINITE_RECURSION = YES;
				CLANG_WARN_INT_CONVERSION = YES;
				CLANG_WARN_NON_LITERAL_NULL_CONVERSION = YES;
				CLANG_WARN_OBJC_IMPLICIT_RETAIN_SELF = YES;
				CLANG_WARN_OBJC_LITERAL_CONVERSION = YES;
				CLANG_WARN_OBJC_ROOT_CLASS = YES_ERROR;
				CLANG_WARN_QUOTED_INCLUDE_IN_FRAMEWORK_HEADER = YES;
				CLANG_WARN_RANGE_LOOP_ANALYSIS = YES;
				CLANG_WARN_STRICT_PROTOTYPES = YES;
				CLANG_WARN_SUSPICIOUS_MOVE = YES;
				CLANG_WARN_UNGUARDED_AVAILABILITY = YES_AGGRESSIVE;
				CLANG_WARN_UNREACHABLE_CODE = YES;
				CLANG_WARN__DUPLICATE_METHOD_MATCH = YES;
				COPY_PHASE_STRIP = NO;
				DEBUG_INFORMATION_FORMAT = dwarf;
				ENABLE_STRICT_OBJC_MSGSEND = YES;
				ENABLE_TESTABILITY = YES;
				ENABLE_USER_SCRIPT_SANDBOXING = YES;
				GCC_C_LANGUAGE_STANDARD = gnu17;
				GCC_DYNAMIC_NO_PIC = NO;
				GCC_NO_COMMON_BLOCKS = YES;
				GCC_OPTIMIZATION_LEVEL = 0;
				GCC_PREPROCESSOR_DEFINITIONS = (
					"DEBUG=1",
					"$(inherited)",
				);
				GCC_WARN_64_TO_32_BIT_CONVERSION = YES;
				GCC_WARN_ABOUT_RETURN_TYPE = YES_ERROR;
				GCC_WARN_UNDECLARED_SELECTOR = YES;
				GCC_WARN_UNINITIALIZED_AUTOS = YES_AGGRESSIVE;
				GCC_WARN_UNUSED_FUNCTION = YES;
				GCC_WARN_UNUSED_VARIABLE = YES;
				IPHONEOS_DEPLOYMENT_TARGET = 14.0;
				LOCALIZATION_PREFERS_STRING_CATALOGS = YES;
				MTL_ENABLE_DEBUG_INFO = INCLUDE_SOURCE;
				MTL_FAST_MATH = YES;
				ONLY_ACTIVE_ARCH = YES;
				SDKROOT = iphoneos;
				SWIFT_ACTIVE_COMPILATION_CONDITIONS = "DEBUG $(inherited)";
				SWIFT_OPTIMIZATION_LEVEL = "-Onone";
			};
			name = Debug;
		};
		A1000019000 /* Release */ = {
			isa = XCBuildConfiguration;
			buildSettings = {
				ALWAYS_SEARCH_USER_PATHS = NO;
				ASSETCATALOG_COMPILER_GENERATE_SWIFT_ASSET_SYMBOL_EXTENSIONS = YES;
				CLANG_ANALYZER_NONNULL = YES;
				CLANG_ANALYZER_NUMBER_OBJECT_CONVERSION = YES_AGGRESSIVE;
				CLANG_CXX_LANGUAGE_STANDARD = "gnu++20";
				CLANG_ENABLE_MODULES = YES;
				CLANG_ENABLE_OBJC_ARC = YES;
				CLANG_ENABLE_OBJC_WEAK = YES;
				CLANG_WARN_BLOCK_CAPTURE_AUTORELEASING = YES;
				CLANG_WARN_BOOL_CONVERSION = YES;
				CLANG_WARN_COMMA = YES;
				CLANG_WARN_CONSTANT_CONVERSION = YES;
				CLANG_WARN_DEPRECATED_OBJC_IMPLEMENTATIONS = YES;
				CLANG_WARN_DIRECT_OBJC_ISA_USAGE = YES_ERROR;
				CLANG_WARN_DOCUMENTATION_COMMENTS = YES;
				CLANG_WARN_EMPTY_BODY = YES;
				CLANG_WARN_ENUM_CONVERSION = YES;
				CLANG_WARN_INFINITE_RECURSION = YES;
				CLANG_WARN_INT_CONVERSION = YES;
				CLANG_WARN_NON_LITERAL_NULL_CONVERSION = YES;
				CLANG_WARN_OBJC_IMPLICIT_RETAIN_SELF = YES;
				CLANG_WARN_OBJC_LITERAL_CONVERSION = YES;
				CLANG_WARN_OBJC_ROOT_CLASS = YES_ERROR;
				CLANG_WARN_QUOTED_INCLUDE_IN_FRAMEWORK_HEADER = YES;
				CLANG_WARN_RANGE_LOOP_ANALYSIS = YES;
				CLANG_WARN_STRICT_PROTOTYPES = YES;
				CLANG_WARN_SUSPICIOUS_MOVE = YES;
				CLANG_WARN_UNGUARDED_AVAILABILITY = YES_AGGRESSIVE;
				CLANG_WARN_UNREACHABLE_CODE = YES;
				CLANG_WARN__DUPLICATE_METHOD_MATCH = YES;
				COPY_PHASE_STRIP = NO;
				DEBUG_INFORMATION_FORMAT = "dwarf-with-dsym";
				ENABLE_NS_ASSERTIONS = NO;
				ENABLE_STRICT_OBJC_MSGSEND = YES;
				ENABLE_USER_SCRIPT_SANDBOXING = YES;
				GCC_C_LANGUAGE_STANDARD = gnu17;
				GCC_NO_COMMON_BLOCKS = YES;
				GCC_WARN_64_TO_32_BIT_CONVERSION = YES;
				GCC_WARN_ABOUT_RETURN_TYPE = YES_ERROR;
				GCC_WARN_UNDECLARED_SELECTOR = YES;
				GCC_WARN_UNINITIALIZED_AUTOS = YES_AGGRESSIVE;
				GCC_WARN_UNUSED_FUNCTION = YES;
				GCC_WARN_UNUSED_VARIABLE = YES;
				IPHONEOS_DEPLOYMENT_TARGET = 14.0;
				LOCALIZATION_PREFERS_STRING_CATALOGS = YES;
				MTL_ENABLE_DEBUG_INFO = NO;
				MTL_FAST_MATH = YES;
				SDKROOT = iphoneos;
				SWIFT_COMPILATION_MODE = wholemodule;
				VALIDATE_PRODUCT = YES;
			};
			name = Release;
		};
		A100001A000 /* Debug */ = {
			isa = XCBuildConfiguration;
			buildSettings = {
				ASSETCATALOG_COMPILER_APPICON_NAME = AppIcon;
				ASSETCATALOG_COMPILER_GLOBAL_ACCENT_COLOR_NAME = AccentColor;
				CODE_SIGN_ENTITLEMENTS = RiviumPushExample/RiviumPushExample.entitlements;
				CODE_SIGN_IDENTITY = "Apple Development";
				CODE_SIGN_STYLE = Automatic;
				CURRENT_PROJECT_VERSION = 2;
				DEVELOPMENT_TEAM = CBVW8L9SU3;
				GENERATE_INFOPLIST_FILE = YES;
				INFOPLIST_FILE = RiviumPushExample/Info.plist;
				INFOPLIST_KEY_CFBundleDisplayName = "Rivium Push";
				INFOPLIST_KEY_LSApplicationCategoryType = "public.app-category.developer-tools";
				INFOPLIST_KEY_UIApplicationSupportsIndirectInputEvents = YES;
				INFOPLIST_KEY_UILaunchStoryboardName = LaunchScreen;
				INFOPLIST_KEY_UIRequiredDeviceCapabilities = armv7;
				INFOPLIST_KEY_UISupportedInterfaceOrientations = "UIInterfaceOrientationPortrait UIInterfaceOrientationLandscapeLeft UIInterfaceOrientationLandscapeRight";
				INFOPLIST_KEY_UISupportedInterfaceOrientations_iPad = "UIInterfaceOrientationPortrait UIInterfaceOrientationPortraitUpsideDown UIInterfaceOrientationLandscapeLeft UIInterfaceOrientationLandscapeRight";
				INFOPLIST_KEY_UISupportedInterfaceOrientations_iPhone = "UIInterfaceOrientationPortrait UIInterfaceOrientationLandscapeLeft UIInterfaceOrientationLandscapeRight";
				LD_RUNPATH_SEARCH_PATHS = (
					"$(inherited)",
					"@executable_path/Frameworks",
				);
				MARKETING_VERSION = 1.0.0;
				PRODUCT_BUNDLE_IDENTIFIER = co.rivium.push.example;
				PRODUCT_NAME = "$(TARGET_NAME)";
				PROVISIONING_PROFILE_SPECIFIER = "";
				SWIFT_EMIT_LOC_STRINGS = YES;
				SWIFT_VERSION = 5.0;
				TARGETED_DEVICE_FAMILY = "1,2";
			};
			name = Debug;
		};
		A100001B000 /* Release */ = {
			isa = XCBuildConfiguration;
			buildSettings = {
				ASSETCATALOG_COMPILER_APPICON_NAME = AppIcon;
				ASSETCATALOG_COMPILER_GLOBAL_ACCENT_COLOR_NAME = AccentColor;
				CODE_SIGN_ENTITLEMENTS = RiviumPushExample/RiviumPushExample.entitlements;
				CODE_SIGN_IDENTITY = "Apple Development";
				CODE_SIGN_STYLE = Automatic;
				CURRENT_PROJECT_VERSION = 2;
				DEVELOPMENT_TEAM = CBVW8L9SU3;
				GENERATE_INFOPLIST_FILE = YES;
				INFOPLIST_FILE = RiviumPushExample/Info.plist;
				INFOPLIST_KEY_CFBundleDisplayName = "Rivium Push";
				INFOPLIST_KEY_LSApplicationCategoryType = "public.app-category.developer-tools";
				INFOPLIST_KEY_UIApplicationSupportsIndirectInputEvents = YES;
				INFOPLIST_KEY_UILaunchStoryboardName = LaunchScreen;
				INFOPLIST_KEY_UIRequiredDeviceCapabilities = armv7;
				INFOPLIST_KEY_UISupportedInterfaceOrientations = "UIInterfaceOrientationPortrait UIInterfaceOrientationLandscapeLeft UIInterfaceOrientationLandscapeRight";
				INFOPLIST_KEY_UISupportedInterfaceOrientations_iPad = "UIInterfaceOrientationPortrait UIInterfaceOrientationPortraitUpsideDown UIInterfaceOrientationLandscapeLeft UIInterfaceOrientationLandscapeRight";
				INFOPLIST_KEY_UISupportedInterfaceOrientations_iPhone = "UIInterfaceOrientationPortrait UIInterfaceOrientationLandscapeLeft UIInterfaceOrientationLandscapeRight";
				LD_RUNPATH_SEARCH_PATHS = (
					"$(inherited)",
					"@executable_path/Frameworks",
				);
				MARKETING_VERSION = 1.0.0;
				PRODUCT_BUNDLE_IDENTIFIER = co.rivium.push.example;
				PRODUCT_NAME = "$(TARGET_NAME)";
				PROVISIONING_PROFILE_SPECIFIER = "";
				SWIFT_EMIT_LOC_STRINGS = YES;
				SWIFT_VERSION = 5.0;
				TARGETED_DEVICE_FAMILY = "1,2";
			};
			name = Release;
		};
/* End XCBuildConfiguration section */

/* Begin XCConfigurationList section */
		A1000012000 /* Build configuration list for PBXNativeTarget "RiviumPushExample" */ = {
			isa = XCConfigurationList;
			buildConfigurations = (
				A100001A000 /* Debug */,
				A100001B000 /* Release */,
			);
			defaultConfigurationIsVisible = 0;
			defaultConfigurationName = Release;
		};
		A1000016000 /* Build configuration list for PBXProject "RiviumPushExample" */ = {
			isa = XCConfigurationList;
			buildConfigurations = (
				A1000018000 /* Debug */,
				A1000019000 /* Release */,
			);
			defaultConfigurationIsVisible = 0;
			defaultConfigurationName = Release;
		};
/* End XCConfigurationList section */

/* Begin XCLocalSwiftPackageReference section */
		A8AEFAF72F96E69700ED45EB /* XCLocalSwiftPackageReference "../../RiviumPush" */ = {
			isa = XCLocalSwiftPackageReference;
			relativePath = ../../RiviumPush;
		};
/* End XCLocalSwiftPackageReference section */

/* Begin XCRemoteSwiftPackageReference section */
		A8EF57AA2F9995D9004A973C /* XCRemoteSwiftPackageReference "rivium-push-voip-ios-sdk" */ = {
			isa = XCRemoteSwiftPackageReference;
			repositoryURL = "https://github.com/Rivium-co/rivium-push-voip-ios-sdk.git";
			requirement = {
				kind = upToNextMajorVersion;
				minimumVersion = 0.1.1;
			};
		};
/* End XCRemoteSwiftPackageReference section */

/* Begin XCSwiftPackageProductDependency section */
		A8AEFAF82F96E69700ED45EB /* RiviumPush */ = {
			isa = XCSwiftPackageProductDependency;
			package = A8AEFAF72F96E69700ED45EB /* XCLocalSwiftPackageReference "../../RiviumPush" */;
			productName = RiviumPush;
		};
		A8EF57AB2F9995D9004A973C /* RiviumPushVoip */ = {
			isa = XCSwiftPackageProductDependency;
			package = A8EF57AA2F9995D9004A973C /* XCRemoteSwiftPackageReference "rivium-push-voip-ios-sdk" */;
			productName = RiviumPushVoip;
		};
/* End XCSwiftPackageProductDependency section */
	};
	rootObject = A1000015000 /* Project object */;
}
